// !$*UTF8*$!
{
	archiveVersion = 1;
	classes = {
	};
	objectVersion = 48;
	objects = {

/* Begin PBXBuildFile section */
		9D0A5B3C1ED681D700DC0B5E /* AppDelegate.swift in Sources */ = {isa = PBXBuildFile; fileRef = 9D0A5B3B1ED681D700DC0B5E /* AppDelegate.swift */; };
		9D0A5B3E1ED681D700DC0B5E /* ViewController.swift in Sources */ = {isa = PBXBuildFile; fileRef = 9D0A5B3D1ED681D700DC0B5E /* ViewController.swift */; };
		9D0A5B411ED681D700DC0B5E /* Main.storyboard in Resources */ = {isa = PBXBuildFile; fileRef = 9D0A5B3F1ED681D700DC0B5E /* Main.storyboard */; };
		9D0A5B431ED681D700DC0B5E /* Assets.xcassets in Resources */ = {isa = PBXBuildFile; fileRef = 9D0A5B421ED681D700DC0B5E /* Assets.xcassets */; };
		9D0A5B461ED681D700DC0B5E /* LaunchScreen.storyboard in Resources */ = {isa = PBXBuildFile; fileRef = 9D0A5B441ED681D700DC0B5E /* LaunchScreen.storyboard */; };
		9D0A5B511ED681D700DC0B5E /* XCTestSampleTests.swift in Sources */ = {isa = PBXBuildFile; fileRef = 9D0A5B501ED681D700DC0B5E /* XCTestSampleTests.swift */; };
		9D0A5B5C1ED681D700DC0B5E /* XCTestSampleUITests.swift in Sources */ = {isa = PBXBuildFile; fileRef = 9D0A5B5B1ED681D700DC0B5E /* XCTestSampleUITests.swift */; };
		D0145FA38B87FD47661BB3D7 /* Pods_XCTestSampleTests.framework in Frameworks */ = {isa = PBXBuildFile; fileRef = CE5FF0ED2A62B7EBD424B73A /* Pods_XCTestSampleTests.framework */; };
		D1A8A63444C45D2DEA38D04F /* Pods_XCTestSampleUITests.framework in Frameworks */ = {isa = PBXBuildFile; fileRef = D94DB4E4F6E0E8D037AEBF48 /* Pods_XCTestSampleUITests.framework */; };
		E32271370E3DC5602F45020B /* Pods_XCTestSample.framework in Frameworks */ = {isa = PBXBuildFile; fileRef = C602B37D6832F5D37534B919 /* Pods_XCTestSample.framework */; };
/* End PBXBuildFile section */

/* Begin PBXContainerItemProxy section */
		9D0A5B4D1ED681D700DC0B5E /* PBXContainerItemProxy */ = {
			isa = PBXContainerItemProxy;
			containerPortal = 9D0A5B301ED681D700DC0B5E /* Project object */;
			proxyType = 1;
			remoteGlobalIDString = 9D0A5B371ED681D700DC0B5E;
			remoteInfo = XCTestSample;
		};
		9D0A5B581ED681D700DC0B5E /* PBXContainerItemProxy */ = {
			isa = PBXContainerItemProxy;
			containerPortal = 9D0A5B301ED681D700DC0B5E /* Project object */;
			proxyType = 1;
			remoteGlobalIDString = 9D0A5B371ED681D700DC0B5E;
			remoteInfo = XCTestSample;
		};
/* End PBXContainerItemProxy section */

/* Begin PBXFileReference section */
		053A1517527875C661E996E0 /* Pods-XCTestSampleUITests.release.xcconfig */ = {isa = PBXFileReference; includeInIndex = 1; lastKnownFileType = text.xcconfig; name = "Pods-XCTestSampleUITests.release.xcconfig"; path = "Pods/Target Support Files/Pods-XCTestSampleUITests/Pods-XCTestSampleUITests.release.xcconfig"; sourceTree = "<group>"; };
		1BF77888540C64D8917B7F26 /* Pods-XCTestSample.debug.xcconfig */ = {isa = PBXFileReference; includeInIndex = 1; lastKnownFileType = text.xcconfig; name = "Pods-XCTestSample.debug.xcconfig"; path = "Pods/Target Support Files/Pods-XCTestSample/Pods-XCTestSample.debug.xcconfig"; sourceTree = "<group>"; };
		693D3DB30695F0B0FB5833F7 /* Pods-XCTestSampleUITests.debug.xcconfig */ = {isa = PBXFileReference; includeInIndex = 1; lastKnownFileType = text.xcconfig; name = "Pods-XCTestSampleUITests.debug.xcconfig"; path = "Pods/Target Support Files/Pods-XCTestSampleUITests/Pods-XCTestSampleUITests.debug.xcconfig"; sourceTree = "<group>"; };
		82058A062D0D0350D6A7D041 /* Pods-XCTestSampleTests.debug.xcconfig */ = {isa = PBXFileReference; includeInIndex = 1; lastKnownFileType = text.xcconfig; name = "Pods-XCTestSampleTests.debug.xcconfig"; path = "Pods/Target Support Files/Pods-XCTestSampleTests/Pods-XCTestSampleTests.debug.xcconfig"; sourceTree = "<group>"; };
		9575EC0FF11C80FC6CACED6A /* Pods-XCTestSample.release.xcconfig */ = {isa = PBXFileReference; includeInIndex = 1; lastKnownFileType = text.xcconfig; name = "Pods-XCTestSample.release.xcconfig"; path = "Pods/Target Support Files/Pods-XCTestSample/Pods-XCTestSample.release.xcconfig"; sourceTree = "<group>"; };
		9D0A5B381ED681D700DC0B5E /* XCTestSample.app */ = {isa = PBXFileReference; explicitFileType = wrapper.application; includeInIndex = 0; path = XCTestSample.app; sourceTree = BUILT_PRODUCTS_DIR; };
		9D0A5B3B1ED681D700DC0B5E /* AppDelegate.swift */ = {isa = PBXFileReference; lastKnownFileType = sourcecode.swift; path = AppDelegate.swift; sourceTree = "<group>"; };
		9D0A5B3D1ED681D700DC0B5E /* ViewController.swift */ = {isa = PBXFileReference; lastKnownFileType = sourcecode.swift; path = ViewController.swift; sourceTree = "<group>"; };
		9D0A5B401ED681D700DC0B5E /* Base */ = {isa = PBXFileReference; lastKnownFileType = file.storyboard; name = Base; path = Base.lproj/Main.storyboard; sourceTree = "<group>"; };
		9D0A5B421ED681D700DC0B5E /* Assets.xcassets */ = {isa = PBXFileReference; lastKnownFileType = folder.assetcatalog; path = Assets.xcassets; sourceTree = "<group>"; };
		9D0A5B451ED681D700DC0B5E /* Base */ = {isa = PBXFileReference; lastKnownFileType = file.storyboard; name = Base; path = Base.lproj/LaunchScreen.storyboard; sourceTree = "<group>"; };
		9D0A5B471ED681D700DC0B5E /* Info.plist */ = {isa = PBXFileReference; lastKnownFileType = text.plist.xml; path = Info.plist; sourceTree = "<group>"; };
		9D0A5B4C1ED681D700DC0B5E /* XCTestSampleTests.xctest */ = {isa = PBXFileReference; explicitFileType = wrapper.cfbundle; includeInIndex = 0; path = XCTestSampleTests.xctest; sourceTree = BUILT_PRODUCTS_DIR; };
		9D0A5B501ED681D700DC0B5E /* XCTestSampleTests.swift */ = {isa = PBXFileReference; lastKnownFileType = sourcecode.swift; path = XCTestSampleTests.swift; sourceTree = "<group>"; };
		9D0A5B521ED681D700DC0B5E /* Info.plist */ = {isa = PBXFileReference; lastKnownFileType = text.plist.xml; path = Info.plist; sourceTree = "<group>"; };
		9D0A5B571ED681D700DC0B5E /* XCTestSampleUITests.xctest */ = {isa = PBXFileReference; explicitFileType = wrapper.cfbundle; includeInIndex = 0; path = XCTestSampleUITests.xctest; sourceTree = BUILT_PRODUCTS_DIR; };
		9D0A5B5B1ED681D700DC0B5E /* XCTestSampleUITests.swift */ = {isa = PBXFileReference; lastKnownFileType = sourcecode.swift; path = XCTestSampleUITests.swift; sourceTree = "<group>"; };
		9D0A5B5D1ED681D700DC0B5E /* Info.plist */ = {isa = PBXFileReference; lastKnownFileType = text.plist.xml; path = Info.plist; sourceTree = "<group>"; };
		C602B37D6832F5D37534B919 /* Pods_XCTestSample.framework */ = {isa = PBXFileReference; explicitFileType = wrapper.framework; includeInIndex = 0; path = Pods_XCTestSample.framework; sourceTree = BUILT_PRODUCTS_DIR; };
		CE5FF0ED2A62B7EBD424B73A /* Pods_XCTestSampleTests.framework */ = {isa = PBXFileReference; explicitFileType = wrapper.framework; includeInIndex = 0; path = Pods_XCTestSampleTests.framework; sourceTree = BUILT_PRODUCTS_DIR; };
		D94DB4E4F6E0E8D037AEBF48 /* Pods_XCTestSampleUITests.framework */ = {isa = PBXFileReference; explicitFileType = wrapper.framework; includeInIndex = 0; path = Pods_XCTestSampleUITests.framework; sourceTree = BUILT_PRODUCTS_DIR; };
		E09D88AA4B36175C6AFFD922 /* Pods-XCTestSampleTests.release.xcconfig */ = {isa = PBXFileReference; includeInIndex = 1; lastKnownFileType = text.xcconfig; name = "Pods-XCTestSampleTests.release.xcconfig"; path = "Pods/Target Support Files/Pods-XCTestSampleTests/Pods-XCTestSampleTests.release.xcconfig"; sourceTree = "<group>"; };
/* End PBXFileReference section */

/* Begin PBXFrameworksBuildPhase section */
		9D0A5B351ED681D700DC0B5E /* Frameworks */ = {
			isa = PBXFrameworksBuildPhase;
			buildActionMask = 2147483647;
			files = (
				E32271370E3DC5602F45020B /* Pods_XCTestSample.framework in Frameworks */,
			);
			runOnlyForDeploymentPostprocessing = 0;
		};
		9D0A5B491ED681D700DC0B5E /* Frameworks */ = {
			isa = PBXFrameworksBuildPhase;
			buildActionMask = 2147483647;
			files = (
				D0145FA38B87FD47661BB3D7 /* Pods_XCTestSampleTests.framework in Frameworks */,
			);
			runOnlyForDeploymentPostprocessing = 0;
		};
		9D0A5B541ED681D700DC0B5E /* Frameworks */ = {
			isa = PBXFrameworksBuildPhase;
			buildActionMask = 2147483647;
			files = (
				D1A8A63444C45D2DEA38D04F /* Pods_XCTestSampleUITests.framework in Frameworks */,
			);
			runOnlyForDeploymentPostprocessing = 0;
		};
/* End PBXFrameworksBuildPhase section */

/* Begin PBXGroup section */
		43B3DBB0AD91B6DB4DCDF28C /* Frameworks */ = {
			isa = PBXGroup;
			children = (
				C602B37D6832F5D37534B919 /* Pods_XCTestSample.framework */,
				CE5FF0ED2A62B7EBD424B73A /* Pods_XCTestSampleTests.framework */,
				D94DB4E4F6E0E8D037AEBF48 /* Pods_XCTestSampleUITests.framework */,
			);
			name = Frameworks;
			sourceTree = "<group>";
		};
		6FC1AEA785C1501D303CF5E9 /* Pods */ = {
			isa = PBXGroup;
			children = (
				1BF77888540C64D8917B7F26 /* Pods-XCTestSample.debug.xcconfig */,
				9575EC0FF11C80FC6CACED6A /* Pods-XCTestSample.release.xcconfig */,
				82058A062D0D0350D6A7D041 /* Pods-XCTestSampleTests.debug.xcconfig */,
				E09D88AA4B36175C6AFFD922 /* Pods-XCTestSampleTests.release.xcconfig */,
				693D3DB30695F0B0FB5833F7 /* Pods-XCTestSampleUITests.debug.xcconfig */,
				053A1517527875C661E996E0 /* Pods-XCTestSampleUITests.release.xcconfig */,
			);
			name = Pods;
			sourceTree = "<group>";
		};
		9D0A5B2F1ED681D700DC0B5E = {
			isa = PBXGroup;
			children = (
				9D0A5B3A1ED681D700DC0B5E /* XCTestSample */,
				9D0A5B4F1ED681D700DC0B5E /* XCTestSampleTests */,
				9D0A5B5A1ED681D700DC0B5E /* XCTestSampleUITests */,
				9D0A5B391ED681D700DC0B5E /* Products */,
				6FC1AEA785C1501D303CF5E9 /* Pods */,
				43B3DBB0AD91B6DB4DCDF28C /* Frameworks */,
			);
			sourceTree = "<group>";
		};
		9D0A5B391ED681D700DC0B5E /* Products */ = {
			isa = PBXGroup;
			children = (
				9D0A5B381ED681D700DC0B5E /* XCTestSample.app */,
				9D0A5B4C1ED681D700DC0B5E /* XCTestSampleTests.xctest */,
				9D0A5B571ED681D700DC0B5E /* XCTestSampleUITests.xctest */,
			);
			name = Products;
			sourceTree = "<group>";
		};
		9D0A5B3A1ED681D700DC0B5E /* XCTestSample */ = {
			isa = PBXGroup;
			children = (
				9D0A5B3B1ED681D700DC0B5E /* AppDelegate.swift */,
				9D0A5B3D1ED681D700DC0B5E /* ViewController.swift */,
				9D0A5B3F1ED681D700DC0B5E /* Main.storyboard */,
				9D0A5B421ED681D700DC0B5E /* Assets.xcassets */,
				9D0A5B441ED681D700DC0B5E /* LaunchScreen.storyboard */,
				9D0A5B471ED681D700DC0B5E /* Info.plist */,
			);
			path = XCTestSample;
			sourceTree = "<group>";
		};
		9D0A5B4F1ED681D700DC0B5E /* XCTestSampleTests */ = {
			isa = PBXGroup;
			children = (
				9D0A5B501ED681D700DC0B5E /* XCTestSampleTests.swift */,
				9D0A5B521ED681D700DC0B5E /* Info.plist */,
			);
			path = XCTestSampleTests;
			sourceTree = "<group>";
		};
		9D0A5B5A1ED681D700DC0B5E /* XCTestSampleUITests */ = {
			isa = PBXGroup;
			children = (
				9D0A5B5B1ED681D700DC0B5E /* XCTestSampleUITests.swift */,
				9D0A5B5D1ED681D700DC0B5E /* Info.plist */,
			);
			path = XCTestSampleUITests;
			sourceTree = "<group>";
		};
/* End PBXGroup section */

/* Begin PBXNativeTarget section */
		9D0A5B371ED681D700DC0B5E /* XCTestSample */ = {
			isa = PBXNativeTarget;
			buildConfigurationList = 9D0A5B601ED681D700DC0B5E /* Build configuration list for PBXNativeTarget "XCTestSample" */;
			buildPhases = (
				B4D633559E4C6C7BB240338C /* [CP] Check Pods Manifest.lock */,
				9D0A5B341ED681D700DC0B5E /* Sources */,
				9D0A5B351ED681D700DC0B5E /* Frameworks */,
				9D0A5B361ED681D700DC0B5E /* Resources */,
				62BC315F541FB2B16A379A6C /* [CP] Embed Pods Frameworks */,
				F96D50C1D3BA1570DB8D6E84 /* [CP] Copy Pods Resources */,
			);
			buildRules = (
			);
			dependencies = (
			);
			name = XCTestSample;
			productName = XCTestSample;
			productReference = 9D0A5B381ED681D700DC0B5E /* XCTestSample.app */;
			productType = "com.apple.product-type.application";
		};
		9D0A5B4B1ED681D700DC0B5E /* XCTestSampleTests */ = {
			isa = PBXNativeTarget;
			buildConfigurationList = 9D0A5B631ED681D700DC0B5E /* Build configuration list for PBXNativeTarget "XCTestSampleTests" */;
			buildPhases = (
				5926A81CE1A36286B2A5546C /* [CP] Check Pods Manifest.lock */,
				9D0A5B481ED681D700DC0B5E /* Sources */,
				9D0A5B491ED681D700DC0B5E /* Frameworks */,
				9D0A5B4A1ED681D700DC0B5E /* Resources */,
				79A6FE0D182F31EDF2AABF26 /* [CP] Embed Pods Frameworks */,
				470718100B97969C5D8893BE /* [CP] Copy Pods Resources */,
			);
			buildRules = (
			);
			dependencies = (
				9D0A5B4E1ED681D700DC0B5E /* PBXTargetDependency */,
			);
			name = XCTestSampleTests;
			productName = XCTestSampleTests;
			productReference = 9D0A5B4C1ED681D700DC0B5E /* XCTestSampleTests.xctest */;
			productType = "com.apple.product-type.bundle.unit-test";
		};
		9D0A5B561ED681D700DC0B5E /* XCTestSampleUITests */ = {
			isa = PBXNativeTarget;
			buildConfigurationList = 9D0A5B661ED681D700DC0B5E /* Build configuration list for PBXNativeTarget "XCTestSampleUITests" */;
			buildPhases = (
				02D5FA8424F4B28DD241E157 /* [CP] Check Pods Manifest.lock */,
				9D0A5B531ED681D700DC0B5E /* Sources */,
				9D0A5B541ED681D700DC0B5E /* Frameworks */,
				9D0A5B551ED681D700DC0B5E /* Resources */,
				032B5B2B6C8E473A77474C05 /* [CP] Embed Pods Frameworks */,
				CE4E3D1FDF22714D93B1BD50 /* [CP] Copy Pods Resources */,
			);
			buildRules = (
			);
			dependencies = (
				9D0A5B591ED681D700DC0B5E /* PBXTargetDependency */,
			);
			name = XCTestSampleUITests;
			productName = XCTestSampleUITests;
			productReference = 9D0A5B571ED681D700DC0B5E /* XCTestSampleUITests.xctest */;
			productType = "com.apple.product-type.bundle.ui-testing";
		};
/* End PBXNativeTarget section */

/* Begin PBXProject section */
		9D0A5B301ED681D700DC0B5E /* Project object */ = {
			isa = PBXProject;
			attributes = {
				LastSwiftUpdateCheck = 0830;
				LastUpgradeCheck = 0830;
				ORGANIZATIONNAME = "伊東直人";
				TargetAttributes = {
					9D0A5B371ED681D700DC0B5E = {
						CreatedOnToolsVersion = 8.3.2;
						ProvisioningStyle = Automatic;
					};
					9D0A5B4B1ED681D700DC0B5E = {
						CreatedOnToolsVersion = 8.3.2;
						ProvisioningStyle = Automatic;
						TestTargetID = 9D0A5B371ED681D700DC0B5E;
					};
					9D0A5B561ED681D700DC0B5E = {
						CreatedOnToolsVersion = 8.3.2;
						ProvisioningStyle = Manual;
						TestTargetID = 9D0A5B371ED681D700DC0B5E;
					};
				};
			};
			buildConfigurationList = 9D0A5B331ED681D700DC0B5E /* Build configuration list for PBXProject "XCTestSample" */;
			compatibilityVersion = "Xcode 8.0";
			developmentRegion = English;
			hasScannedForEncodings = 0;
			knownRegions = (
				en,
				Base,
			);
			mainGroup = 9D0A5B2F1ED681D700DC0B5E;
			productRefGroup = 9D0A5B391ED681D700DC0B5E /* Products */;
			projectDirPath = "";
			projectRoot = "";
			targets = (
				9D0A5B371ED681D700DC0B5E /* XCTestSample */,
				9D0A5B4B1ED681D700DC0B5E /* XCTestSampleTests */,
				9D0A5B561ED681D700DC0B5E /* XCTestSampleUITests */,
			);
		};
/* End PBXProject section */

/* Begin PBXResourcesBuildPhase section */
		9D0A5B361ED681D700DC0B5E /* Resources */ = {
			isa = PBXResourcesBuildPhase;
			buildActionMask = 2147483647;
			files = (
				9D0A5B461ED681D700DC0B5E /* LaunchScreen.storyboard in Resources */,
				9D0A5B431ED681D700DC0B5E /* Assets.xcassets in Resources */,
				9D0A5B411ED681D700DC0B5E /* Main.storyboard in Resources */,
			);
			runOnlyForDeploymentPostprocessing = 0;
		};
		9D0A5B4A1ED681D700DC0B5E /* Resources */ = {
			isa = PBXResourcesBuildPhase;
			buildActionMask = 2147483647;
			files = (
			);
			runOnlyForDeploymentPostprocessing = 0;
		};
		9D0A5B551ED681D700DC0B5E /* Resources */ = {
			isa = PBXResourcesBuildPhase;
			buildActionMask = 2147483647;
			files = (
			);
			runOnlyForDeploymentPostprocessing = 0;
		};
/* End PBXResourcesBuildPhase section */

/* Begin PBXShellScriptBuildPhase section */
		02D5FA8424F4B28DD241E157 /* [CP] Check Pods Manifest.lock */ = {
			isa = PBXShellScriptBuildPhase;
			buildActionMask = 2147483647;
			files = (
			);
			inputPaths = (
			);
			name = "[CP] Check Pods Manifest.lock";
			outputPaths = (
			);
			runOnlyForDeploymentPostprocessing = 0;
			shellPath = /bin/sh;
			shellScript = "diff \"${PODS_PODFILE_DIR_PATH}/Podfile.lock\" \"${PODS_ROOT}/Manifest.lock\" > /dev/null\nif [ $? != 0 ] ; then\n    # print error to STDERR\n    echo \"error: The sandbox is not in sync with the Podfile.lock. Run 'pod install' or update your CocoaPods installation.\" >&2\n    exit 1\nfi\n";
			showEnvVarsInLog = 0;
		};
		032B5B2B6C8E473A77474C05 /* [CP] Embed Pods Frameworks */ = {
			isa = PBXShellScriptBuildPhase;
			buildActionMask = 2147483647;
			files = (
			);
			inputPaths = (
			);
			name = "[CP] Embed Pods Frameworks";
			outputPaths = (
			);
			runOnlyForDeploymentPostprocessing = 0;
			shellPath = /bin/sh;
			shellScript = "\"${SRCROOT}/Pods/Target Support Files/Pods-XCTestSampleUITests/Pods-XCTestSampleUITests-frameworks.sh\"\n";
			showEnvVarsInLog = 0;
		};
		470718100B97969C5D8893BE /* [CP] Copy Pods Resources */ = {
			isa = PBXShellScriptBuildPhase;
			buildActionMask = 2147483647;
			files = (
			);
			inputPaths = (
			);
			name = "[CP] Copy Pods Resources";
			outputPaths = (
			);
			runOnlyForDeploymentPostprocessing = 0;
			shellPath = /bin/sh;
			shellScript = "\"${SRCROOT}/Pods/Target Support Files/Pods-XCTestSampleTests/Pods-XCTestSampleTests-resources.sh\"\n";
			showEnvVarsInLog = 0;
		};
		5926A81CE1A36286B2A5546C /* [CP] Check Pods Manifest.lock */ = {
			isa = PBXShellScriptBuildPhase;
			buildActionMask = 2147483647;
			files = (
			);
			inputPaths = (
			);
			name = "[CP] Check Pods Manifest.lock";
			outputPaths = (
			);
			runOnlyForDeploymentPostprocessing = 0;
			shellPath = /bin/sh;
			shellScript = "diff \"${PODS_PODFILE_DIR_PATH}/Podfile.lock\" \"${PODS_ROOT}/Manifest.lock\" > /dev/null\nif [ $? != 0 ] ; then\n    # print error to STDERR\n    echo \"error: The sandbox is not in sync with the Podfile.lock. Run 'pod install' or update your CocoaPods installation.\" >&2\n    exit 1\nfi\n";
			showEnvVarsInLog = 0;
		};
		62BC315F541FB2B16A379A6C /* [CP] Embed Pods Frameworks */ = {
			isa = PBXShellScriptBuildPhase;
			buildActionMask = 2147483647;
			files = (
			);
			inputPaths = (
			);
			name = "[CP] Embed Pods Frameworks";
			outputPaths = (
			);
			runOnlyForDeploymentPostprocessing = 0;
			shellPath = /bin/sh;
			shellScript = "\"${SRCROOT}/Pods/Target Support Files/Pods-XCTestSample/Pods-XCTestSample-frameworks.sh\"\n";
			showEnvVarsInLog = 0;
		};
		79A6FE0D182F31EDF2AABF26 /* [CP] Embed Pods Frameworks */ = {
			isa = PBXShellScriptBuildPhase;
			buildActionMask = 2147483647;
			files = (
			);
			inputPaths = (
			);
			name = "[CP] Embed Pods Frameworks";
			outputPaths = (
			);
			runOnlyForDeploymentPostprocessing = 0;
			shellPath = /bin/sh;
			shellScript = "\"${SRCROOT}/Pods/Target Support Files/Pods-XCTestSampleTests/Pods-XCTestSampleTests-frameworks.sh\"\n";
			showEnvVarsInLog = 0;
		};
		B4D633559E4C6C7BB240338C /* [CP] Check Pods Manifest.lock */ = {
			isa = PBXShellScriptBuildPhase;
			buildActionMask = 2147483647;
			files = (
			);
			inputPaths = (
			);
			name = "[CP] Check Pods Manifest.lock";
			outputPaths = (
			);
			runOnlyForDeploymentPostprocessing = 0;
			shellPath = /bin/sh;
			shellScript = "diff \"${PODS_PODFILE_DIR_PATH}/Podfile.lock\" \"${PODS_ROOT}/Manifest.lock\" > /dev/null\nif [ $? != 0 ] ; then\n    # print error to STDERR\n    echo \"error: The sandbox is not in sync with the Podfile.lock. Run 'pod install' or update your CocoaPods installation.\" >&2\n    exit 1\nfi\n";
			showEnvVarsInLog = 0;
		};
		CE4E3D1FDF22714D93B1BD50 /* [CP] Copy Pods Resources */ = {
			isa = PBXShellScriptBuildPhase;
			buildActionMask = 2147483647;
			files = (
			);
			inputPaths = (
			);
			name = "[CP] Copy Pods Resources";
			outputPaths = (
			);
			runOnlyForDeploymentPostprocessing = 0;
			shellPath = /bin/sh;
			shellScript = "\"${SRCROOT}/Pods/Target Support Files/Pods-XCTestSampleUITests/Pods-XCTestSampleUITests-resources.sh\"\n";
			showEnvVarsInLog = 0;
		};
		F96D50C1D3BA1570DB8D6E84 /* [CP] Copy Pods Resources */ = {
			isa = PBXShellScriptBuildPhase;
			buildActionMask = 2147483647;
			files = (
			);
			inputPaths = (
			);
			name = "[CP] Copy Pods Resources";
			outputPaths = (
			);
			runOnlyForDeploymentPostprocessing = 0;
			shellPath = /bin/sh;
			shellScript = "\"${SRCROOT}/Pods/Target Support Files/Pods-XCTestSample/Pods-XCTestSample-resources.sh\"\n";
			showEnvVarsInLog = 0;
		};
/* End PBXShellScriptBuildPhase section */

/* Begin PBXSourcesBuildPhase section */
		9D0A5B341ED681D700DC0B5E /* Sources */ = {
			isa = PBXSourcesBuildPhase;
			buildActionMask = 2147483647;
			files = (
				9D0A5B3E1ED681D700DC0B5E /* ViewController.swift in Sources */,
				9D0A5B3C1ED681D700DC0B5E /* AppDelegate.swift in Sources */,
			);
			runOnlyForDeploymentPostprocessing = 0;
		};
		9D0A5B481ED681D700DC0B5E /* Sources */ = {
			isa = PBXSourcesBuildPhase;
			buildActionMask = 2147483647;
			files = (
				9D0A5B511ED681D700DC0B5E /* XCTestSampleTests.swift in Sources */,
			);
			runOnlyForDeploymentPostprocessing = 0;
		};
		9D0A5B531ED681D700DC0B5E /* Sources */ = {
			isa = PBXSourcesBuildPhase;
			buildActionMask = 2147483647;
			files = (
				9D0A5B5C1ED681D700DC0B5E /* XCTestSampleUITests.swift in Sources */,
			);
			runOnlyForDeploymentPostprocessing = 0;
		};
/* End PBXSourcesBuildPhase section */

/* Begin PBXTargetDependency section */
		9D0A5B4E1ED681D700DC0B5E /* PBXTargetDependency */ = {
			isa = PBXTargetDependency;
			target = 9D0A5B371ED681D700DC0B5E /* XCTestSample */;
			targetProxy = 9D0A5B4D1ED681D700DC0B5E /* PBXContainerItemProxy */;
		};
		9D0A5B591ED681D700DC0B5E /* PBXTargetDependency */ = {
			isa = PBXTargetDependency;
			target = 9D0A5B371ED681D700DC0B5E /* XCTestSample */;
			targetProxy = 9D0A5B581ED681D700DC0B5E /* PBXContainerItemProxy */;
		};
/* End PBXTargetDependency section */

/* Begin PBXVariantGroup section */
		9D0A5B3F1ED681D700DC0B5E /* Main.storyboard */ = {
			isa = PBXVariantGroup;
			children = (
				9D0A5B401ED681D700DC0B5E /* Base */,
			);
			name = Main.storyboard;
			sourceTree = "<group>";
		};
		9D0A5B441ED681D700DC0B5E /* LaunchScreen.storyboard */ = {
			isa = PBXVariantGroup;
			children = (
				9D0A5B451ED681D700DC0B5E /* Base */,
			);
			name = LaunchScreen.storyboard;
			sourceTree = "<group>";
		};
/* End PBXVariantGroup section */

/* Begin XCBuildConfiguration section */
		9D0A5B5E1ED681D700DC0B5E /* Debug */ = {
			isa = XCBuildConfiguration;
			buildSettings = {
				ALWAYS_SEARCH_USER_PATHS = NO;
				CLANG_ANALYZER_NONNULL = YES;
				CLANG_ANALYZER_NUMBER_OBJECT_CONVERSION = YES_AGGRESSIVE;
				CLANG_CXX_LANGUAGE_STANDARD = "gnu++0x";
				CLANG_CXX_LIBRARY = "libc++";
				CLANG_ENABLE_MODULES = YES;
				CLANG_ENABLE_OBJC_ARC = YES;
				CLANG_WARN_BOOL_CONVERSION = YES;
				CLANG_WARN_CONSTANT_CONVERSION = YES;
				CLANG_WARN_DIRECT_OBJC_ISA_USAGE = YES_ERROR;
				CLANG_WARN_DOCUMENTATION_COMMENTS = YES;
				CLANG_WARN_EMPTY_BODY = YES;
				CLANG_WARN_ENUM_CONVERSION = YES;
				CLANG_WARN_INFINITE_RECURSION = YES;
				CLANG_WARN_INT_CONVERSION = YES;
				CLANG_WARN_OBJC_ROOT_CLASS = YES_ERROR;
				CLANG_WARN_SUSPICIOUS_MOVE = YES;
				CLANG_WARN_UNREACHABLE_CODE = YES;
				CLANG_WARN__DUPLICATE_METHOD_MATCH = YES;
				"CODE_SIGN_IDENTITY[sdk=iphoneos*]" = "iPhone Developer";
				COPY_PHASE_STRIP = NO;
				DEBUG_INFORMATION_FORMAT = dwarf;
				ENABLE_STRICT_OBJC_MSGSEND = YES;
				ENABLE_TESTABILITY = YES;
				GCC_C_LANGUAGE_STANDARD = gnu99;
				GCC_DYNAMIC_NO_PIC = NO;
				GCC_NO_COMMON_BLOCKS = YES;
				GCC_OPTIMIZATION_LEVEL = 0;
				GCC_PREPROCESSOR_DEFINITIONS = (
					"DEBUG=1",
					"$(inherited)",
				);
				GCC_WARN_64_TO_32_BIT_CONVERSION = YES;
				GCC_WARN_ABOUT_RETURN_TYPE = YES_ERROR;
				GCC_WARN_UNDECLARED_SELECTOR = YES;
				GCC_WARN_UNINITIALIZED_AUTOS = YES_AGGRESSIVE;
				GCC_WARN_UNUSED_FUNCTION = YES;
				GCC_WARN_UNUSED_VARIABLE = YES;
				IPHONEOS_DEPLOYMENT_TARGET = 10.3;
				MTL_ENABLE_DEBUG_INFO = YES;
				ONLY_ACTIVE_ARCH = YES;
				SDKROOT = iphoneos;
				SWIFT_ACTIVE_COMPILATION_CONDITIONS = DEBUG;
				SWIFT_OPTIMIZATION_LEVEL = "-Onone";
				TARGETED_DEVICE_FAMILY = "1,2";
			};
			name = Debug;
		};
		9D0A5B5F1ED681D700DC0B5E /* Release */ = {
			isa = XCBuildConfiguration;
			buildSettings = {
				ALWAYS_SEARCH_USER_PATHS = NO;
				CLANG_ANALYZER_NONNULL = YES;
				CLANG_ANALYZER_NUMBER_OBJECT_CONVERSION = YES_AGGRESSIVE;
				CLANG_CXX_LANGUAGE_STANDARD = "gnu++0x";
				CLANG_CXX_LIBRARY = "libc++";
				CLANG_ENABLE_MODULES = YES;
				CLANG_ENABLE_OBJC_ARC = YES;
				CLANG_WARN_BOOL_CONVERSION = YES;
				CLANG_WARN_CONSTANT_CONVERSION = YES;
				CLANG_WARN_DIRECT_OBJC_ISA_USAGE = YES_ERROR;
				CLANG_WARN_DOCUMENTATION_COMMENTS = YES;
				CLANG_WARN_EMPTY_BODY = YES;
				CLANG_WARN_ENUM_CONVERSION = YES;
				CLANG_WARN_INFINITE_RECURSION = YES;
				CLANG_WARN_INT_CONVERSION = YES;
				CLANG_WARN_OBJC_ROOT_CLASS = YES_ERROR;
				CLANG_WARN_SUSPICIOUS_MOVE = YES;
				CLANG_WARN_UNREACHABLE_CODE = YES;
				CLANG_WARN__DUPLICATE_METHOD_MATCH = YES;
				"CODE_SIGN_IDENTITY[sdk=iphoneos*]" = "iPhone Developer";
				COPY_PHASE_STRIP = NO;
				DEBUG_INFORMATION_FORMAT = "dwarf-with-dsym";
				ENABLE_NS_ASSERTIONS = NO;
				ENABLE_STRICT_OBJC_MSGSEND = YES;
				GCC_C_LANGUAGE_STANDARD = gnu99;
				GCC_NO_COMMON_BLOCKS = YES;
				GCC_WARN_64_TO_32_BIT_CONVERSION = YES;
				GCC_WARN_ABOUT_RETURN_TYPE = YES_ERROR;
				GCC_WARN_UNDECLARED_SELECTOR = YES;
				GCC_WARN_UNINITIALIZED_AUTOS = YES_AGGRESSIVE;
				GCC_WARN_UNUSED_FUNCTION = YES;
				GCC_WARN_UNUSED_VARIABLE = YES;
				IPHONEOS_DEPLOYMENT_TARGET = 10.3;
				MTL_ENABLE_DEBUG_INFO = NO;
				SDKROOT = iphoneos;
				SWIFT_OPTIMIZATION_LEVEL = "-Owholemodule";
				TARGETED_DEVICE_FAMILY = "1,2";
				VALIDATE_PRODUCT = YES;
			};
			name = Release;
		};
		9D0A5B611ED681D700DC0B5E /* Debug */ = {
			isa = XCBuildConfiguration;
			baseConfigurationReference = 1BF77888540C64D8917B7F26 /* Pods-XCTestSample.debug.xcconfig */;
			buildSettings = {
				ASSETCATALOG_COMPILER_APPICON_NAME = AppIcon;
				"CODE_SIGN_IDENTITY[sdk=iphoneos*]" = "iPhone Developer";
				DEVELOPMENT_TEAM = Z7TTVB9977;
				INFOPLIST_FILE = XCTestSample/Info.plist;
				LD_RUNPATH_SEARCH_PATHS = "$(inherited) @executable_path/Frameworks";
				PRODUCT_BUNDLE_IDENTIFIER = com.naoto.XCTestSample;
				PRODUCT_NAME = "$(TARGET_NAME)";
				PROVISIONING_PROFILE_SPECIFIER = "";
				SWIFT_VERSION = 3.0;
			};
			name = Debug;
		};
		9D0A5B621ED681D700DC0B5E /* Release */ = {
			isa = XCBuildConfiguration;
			baseConfigurationReference = 9575EC0FF11C80FC6CACED6A /* Pods-XCTestSample.release.xcconfig */;
			buildSettings = {
				ASSETCATALOG_COMPILER_APPICON_NAME = AppIcon;
				"CODE_SIGN_IDENTITY[sdk=iphoneos*]" = "iPhone Developer";
				DEVELOPMENT_TEAM = Z7TTVB9977;
				INFOPLIST_FILE = XCTestSample/Info.plist;
				LD_RUNPATH_SEARCH_PATHS = "$(inherited) @executable_path/Frameworks";
				PRODUCT_BUNDLE_IDENTIFIER = com.naoto.XCTestSample;
				PRODUCT_NAME = "$(TARGET_NAME)";
				PROVISIONING_PROFILE_SPECIFIER = "";
				SWIFT_VERSION = 3.0;
			};
			name = Release;
		};
		9D0A5B641ED681D700DC0B5E /* Debug */ = {
			isa = XCBuildConfiguration;
			baseConfigurationReference = 82058A062D0D0350D6A7D041 /* Pods-XCTestSampleTests.debug.xcconfig */;
			buildSettings = {
				ALWAYS_EMBED_SWIFT_STANDARD_LIBRARIES = YES;
				BUNDLE_LOADER = "$(TEST_HOST)";
				"CODE_SIGN_IDENTITY[sdk=iphoneos*]" = "iPhone Developer";
				DEVELOPMENT_TEAM = Z7TTVB9977;
				INFOPLIST_FILE = XCTestSampleTests/Info.plist;
				LD_RUNPATH_SEARCH_PATHS = "$(inherited) @executable_path/Frameworks @loader_path/Frameworks";
				PRODUCT_BUNDLE_IDENTIFIER = com.naoto.XCTestSampleTests;
				PRODUCT_NAME = "$(TARGET_NAME)";
				PROVISIONING_PROFILE_SPECIFIER = "";
				SWIFT_VERSION = 3.0;
				TEST_HOST = "$(BUILT_PRODUCTS_DIR)/XCTestSample.app/XCTestSample";
			};
			name = Debug;
		};
		9D0A5B651ED681D700DC0B5E /* Release */ = {
			isa = XCBuildConfiguration;
			baseConfigurationReference = E09D88AA4B36175C6AFFD922 /* Pods-XCTestSampleTests.release.xcconfig */;
			buildSettings = {
				ALWAYS_EMBED_SWIFT_STANDARD_LIBRARIES = YES;
				BUNDLE_LOADER = "$(TEST_HOST)";
				"CODE_SIGN_IDENTITY[sdk=iphoneos*]" = "iPhone Developer";
				DEVELOPMENT_TEAM = Z7TTVB9977;
				INFOPLIST_FILE = XCTestSampleTests/Info.plist;
				LD_RUNPATH_SEARCH_PATHS = "$(inherited) @executable_path/Frameworks @loader_path/Frameworks";
				PRODUCT_BUNDLE_IDENTIFIER = com.naoto.XCTestSampleTests;
				PRODUCT_NAME = "$(TARGET_NAME)";
				PROVISIONING_PROFILE_SPECIFIER = "";
				SWIFT_VERSION = 3.0;
				TEST_HOST = "$(BUILT_PRODUCTS_DIR)/XCTestSample.app/XCTestSample";
			};
			name = Release;
		};
		9D0A5B671ED681D700DC0B5E /* Debug */ = {
			isa = XCBuildConfiguration;
			baseConfigurationReference = 693D3DB30695F0B0FB5833F7 /* Pods-XCTestSampleUITests.debug.xcconfig */;
			buildSettings = {
				ALWAYS_EMBED_SWIFT_STANDARD_LIBRARIES = YES;
				DEVELOPMENT_TEAM = "";
				INFOPLIST_FILE = XCTestSampleUITests/Info.plist;
				LD_RUNPATH_SEARCH_PATHS = "$(inherited) @executable_path/Frameworks @loader_path/Frameworks";
				PRODUCT_BUNDLE_IDENTIFIER = com.naoto.XCTestSampleUITests;
				PRODUCT_NAME = "$(TARGET_NAME)";
				PROVISIONING_PROFILE_SPECIFIER = "";
				SWIFT_VERSION = 3.0;
				TEST_TARGET_NAME = XCTestSample;
			};
			name = Debug;
		};
		9D0A5B681ED681D700DC0B5E /* Release */ = {
			isa = XCBuildConfiguration;
			baseConfigurationReference = 053A1517527875C661E996E0 /* Pods-XCTestSampleUITests.release.xcconfig */;
			buildSettings = {
				ALWAYS_EMBED_SWIFT_STANDARD_LIBRARIES = YES;
				DEVELOPMENT_TEAM = "";
				INFOPLIST_FILE = XCTestSampleUITests/Info.plist;
				LD_RUNPATH_SEARCH_PATHS = "$(inherited) @executable_path/Frameworks @loader_path/Frameworks";
				PRODUCT_BUNDLE_IDENTIFIER = com.naoto.XCTestSampleUITests;
				PRODUCT_NAME = "$(TARGET_NAME)";
				PROVISIONING_PROFILE_SPECIFIER = "";
				SWIFT_VERSION = 3.0;
				TEST_TARGET_NAME = XCTestSample;
			};
			name = Release;
		};
/* End XCBuildConfiguration section */

/* Begin XCConfigurationList section */
		9D0A5B331ED681D700DC0B5E /* Build configuration list for PBXProject "XCTestSample" */ = {
			isa = XCConfigurationList;
			buildConfigurations = (
				9D0A5B5E1ED681D700DC0B5E /* Debug */,
				9D0A5B5F1ED681D700DC0B5E /* Release */,
			);
			defaultConfigurationIsVisible = 0;
			defaultConfigurationName = Release;
		};
		9D0A5B601ED681D700DC0B5E /* Build configuration list for PBXNativeTarget "XCTestSample" */ = {
			isa = XCConfigurationList;
			buildConfigurations = (
				9D0A5B611ED681D700DC0B5E /* Debug */,
				9D0A5B621ED681D700DC0B5E /* Release */,
			);
			defaultConfigurationIsVisible = 0;
			defaultConfigurationName = Release;
		};
		9D0A5B631ED681D700DC0B5E /* Build configuration list for PBXNativeTarget "XCTestSampleTests" */ = {
			isa = XCConfigurationList;
			buildConfigurations = (
				9D0A5B641ED681D700DC0B5E /* Debug */,
				9D0A5B651ED681D700DC0B5E /* Release */,
			);
			defaultConfigurationIsVisible = 0;
			defaultConfigurationName = Release;
		};
		9D0A5B661ED681D700DC0B5E /* Build configuration list for PBXNativeTarget "XCTestSampleUITests" */ = {
			isa = XCConfigurationList;
			buildConfigurations = (
				9D0A5B671ED681D700DC0B5E /* Debug */,
				9D0A5B681ED681D700DC0B5E /* Release */,
			);
			defaultConfigurationIsVisible = 0;
			defaultConfigurationName = Release;
		};
/* End XCConfigurationList section */
	};
	rootObject = 9D0A5B301ED681D700DC0B5E /* Project object */;
}
